
Microsoft Visual Studio Solution File, Format Version 12.00
# Visual Studio 15
VisualStudioVersion = 15.0.27130.2020
MinimumVisualStudioVersion = 10.0.40219.1
Project("{FAE04EC0-301F-11D3-BF4B-00C04F79EFBC}") = "Syslog.Server", "Syslog.Server\Syslog.Server.csproj", "{4F6A087D-10EC-460F-9E3B-CBB8C96A95DF}"
EndProject
Global
	GlobalSection(SolutionConfigurationPlatforms) = preSolution
		Debug|Any CPU = Debug|Any CPU
		Release|Any CPU = Release|Any CPU
	EndGlobalSection
	GlobalSection(ProjectConfigurationPlatforms) = postSolution
		{4F6A087D-10EC-460F-9E3B-CBB8C96A95DF}.Debug|Any CPU.ActiveCfg = Debug|Any CPU
		{4F6A087D-10EC-460F-9E3B-CBB8C96A95DF}.Debug|Any CPU.Build.0 = Debug|Any CPU
		{4F6A087D-10EC-460F-9E3B-CBB8C96A95DF}.Release|Any CPU.ActiveCfg = Release|Any CPU
		{4F6A087D-10EC-460F-9E3B-CBB8C96A95DF}.Release|Any CPU.Build.0 = Release|Any CPU
	EndGlobalSection
	GlobalSection(SolutionProperties) = preSolution
		HideSolutionNode = FALSE
	EndGlobalSection
	GlobalSection(ExtensibilityGlobals) = postSolution
		SolutionGuid = {B9D05A6D-E47C-4FB1-9660-EE28249EDEF3}
	EndGlobalSection
EndGlobal
